
Microsoft Visual Studio Solution File, Format Version 12.00
# Visual Studio Version 16
VisualStudioVersion = 16.0.31112.23
MinimumVisualStudioVersion = 10.0.40219.1
Project("{FAE04EC0-301F-11D3-BF4B-00C04F79EFBC}") = "Shop", "Shop\Shop.csproj", "{27D3DF6F-3D8D-4245-8CB6-0B3CA5B19C43}"
EndProject
Project("{FAE04EC0-301F-11D3-BF4B-00C04F79EFBC}") = "Core", "Core\Core.csproj", "{6C1AA1BD-E9B7-4269-BC07-3C9E8C31233D}"
EndProject
Global
	GlobalSection(SolutionConfigurationPlatforms) = preSolution
		Debug|Any CPU = Debug|Any CPU
		Release|Any CPU = Release|Any CPU
	EndGlobalSection
	GlobalSection(ProjectConfigurationPlatforms) = postSolution
		{27D3DF6F-3D8D-4245-8CB6-0B3CA5B19C43}.Debug|Any CPU.ActiveCfg = Debug|Any CPU
		{27D3DF6F-3D8D-4245-8CB6-0B3CA5B19C43}.Debug|Any CPU.Build.0 = Debug|Any CPU
		{27D3DF6F-3D8D-4245-8CB6-0B3CA5B19C43}.Release|Any CPU.ActiveCfg = Release|Any CPU
		{27D3DF6F-3D8D-4245-8CB6-0B3CA5B19C43}.Release|Any CPU.Build.0 = Release|Any CPU
		{6C1AA1BD-E9B7-4269-BC07-3C9E8C31233D}.Debug|Any CPU.ActiveCfg = Debug|Any CPU
		{6C1AA1BD-E9B7-4269-BC07-3C9E8C31233D}.Debug|Any CPU.Build.0 = Debug|Any CPU
		{6C1AA1BD-E9B7-4269-BC07-3C9E8C31233D}.Release|Any CPU.ActiveCfg = Release|Any CPU
		{6C1AA1BD-E9B7-4269-BC07-3C9E8C31233D}.Release|Any CPU.Build.0 = Release|Any CPU
	EndGlobalSection
	GlobalSection(SolutionProperties) = preSolution
		HideSolutionNode = FALSE
	EndGlobalSection
	GlobalSection(ExtensibilityGlobals) = postSolution
		SolutionGuid = {9715BB72-4640-415F-9AC3-B0E57F04A08F}
	EndGlobalSection
EndGlobal
